// !$*UTF8*$!
{
	archiveVersion = 1;
	classes = {
	};
	objectVersion = 56;
	objects = {

/* Begin PBXBuildFile section */
		8A0238A72AD002CF006C8316 /* LinkItemContentView.swift in Sources */ = {isa = PBXBuildFile; fileRef = 8A0238A62AD002CF006C8316 /* LinkItemContentView.swift */; };
		8A0238B52AD01813006C8316 /* ListItem.swift in Sources */ = {isa = PBXBuildFile; fileRef = 8A0238B42AD01813006C8316 /* ListItem.swift */; };
		8A0FFB832A8F7E980061F481 /* CollectAreaView.swift in Sources */ = {isa = PBXBuildFile; fileRef = 8A0FFB822A8F7E980061F481 /* CollectAreaView.swift */; };
		8A0FFB852A8F80730061F481 /* FloatingPanel.swift in Sources */ = {isa = PBXBuildFile; fileRef = 8A0FFB842A8F80730061F481 /* FloatingPanel.swift */; };
		8A0FFB872A8F84F70061F481 /* DebugGridView.swift in Sources */ = {isa = PBXBuildFile; fileRef = 8A0FFB862A8F84F70061F481 /* DebugGridView.swift */; };
		8A140AAF2B57EDE10003B08A /* CGSize.swift in Sources */ = {isa = PBXBuildFile; fileRef = 8A140AAE2B57EDE10003B08A /* CGSize.swift */; };
		8A140AB92B57FA580003B08A /* Constants.swift in Sources */ = {isa = PBXBuildFile; fileRef = 8A140AB12B57FA580003B08A /* Constants.swift */; };
		8A140ABA2B57FA580003B08A /* Observer.swift in Sources */ = {isa = PBXBuildFile; fileRef = 8A140AB22B57FA580003B08A /* Observer.swift */; };
		8A140ABB2B57FA580003B08A /* SystemWideElement.swift in Sources */ = {isa = PBXBuildFile; fileRef = 8A140AB32B57FA580003B08A /* SystemWideElement.swift */; };
		8A140ABC2B57FA580003B08A /* UIElement.swift in Sources */ = {isa = PBXBuildFile; fileRef = 8A140AB42B57FA580003B08A /* UIElement.swift */; };
		8A140ABD2B57FA580003B08A /* Application.swift in Sources */ = {isa = PBXBuildFile; fileRef = 8A140AB62B57FA580003B08A /* Application.swift */; };
		8A140ABE2B57FA580003B08A /* AXSwift.swift in Sources */ = {isa = PBXBuildFile; fileRef = 8A140AB72B57FA580003B08A /* AXSwift.swift */; };
		8A140ABF2B57FA580003B08A /* Error.swift in Sources */ = {isa = PBXBuildFile; fileRef = 8A140AB82B57FA580003B08A /* Error.swift */; };
		8A1F994D2B582CAA000D8258 /* DetailItemView.swift in Sources */ = {isa = PBXBuildFile; fileRef = 8A1F994C2B582CAA000D8258 /* DetailItemView.swift */; };
		8A1F994F2B582D19000D8258 /* HierarchyRectView.swift in Sources */ = {isa = PBXBuildFile; fileRef = 8A1F994E2B582D19000D8258 /* HierarchyRectView.swift */; };
		8A1F99512B582D29000D8258 /* ChildElementRectView.swift in Sources */ = {isa = PBXBuildFile; fileRef = 8A1F99502B582D29000D8258 /* ChildElementRectView.swift */; };
		8A1F99532B582D3E000D8258 /* ElementRectView.swift in Sources */ = {isa = PBXBuildFile; fileRef = 8A1F99522B582D3E000D8258 /* ElementRectView.swift */; };
		8A216C102B7513780021E1AF /* AXPath.swift in Sources */ = {isa = PBXBuildFile; fileRef = 8A216C0F2B7513780021E1AF /* AXPath.swift */; };
		8A2C38082ADE868C002B8A20 /* CollectItem.swift in Sources */ = {isa = PBXBuildFile; fileRef = 8A2C38072ADE868C002B8A20 /* CollectItem.swift */; };
		8A2C380B2ADE874D002B8A20 /* PositionOffset.swift in Sources */ = {isa = PBXBuildFile; fileRef = 8A2C380A2ADE874D002B8A20 /* PositionOffset.swift */; };
		8A2C380E2ADE877A002B8A20 /* CGRect.swift in Sources */ = {isa = PBXBuildFile; fileRef = 8A2C380D2ADE877A002B8A20 /* CGRect.swift */; };
		8A2C38102ADE87BB002B8A20 /* RecordingPanelView.swift in Sources */ = {isa = PBXBuildFile; fileRef = 8A2C380F2ADE87BB002B8A20 /* RecordingPanelView.swift */; };
		8A2C38122ADE87CE002B8A20 /* DragGestureAreaRecorderView.swift in Sources */ = {isa = PBXBuildFile; fileRef = 8A2C38112ADE87CE002B8A20 /* DragGestureAreaRecorderView.swift */; };
		8A2C38152ADE945C002B8A20 /* Throttler.swift in Sources */ = {isa = PBXBuildFile; fileRef = 8A2C38142ADE945C002B8A20 /* Throttler.swift */; };
		8A47C3F82A8FA70D0015F8BC /* DebugFullWindowView.swift in Sources */ = {isa = PBXBuildFile; fileRef = 8A47C3F72A8FA70D0015F8BC /* DebugFullWindowView.swift */; };
		8A6B30E72A61D765005995A6 /* CollectApp.swift in Sources */ = {isa = PBXBuildFile; fileRef = 8A6B30E62A61D765005995A6 /* CollectApp.swift */; };
		8A6B30E92A61D765005995A6 /* RecordingContentView.swift in Sources */ = {isa = PBXBuildFile; fileRef = 8A6B30E82A61D765005995A6 /* RecordingContentView.swift */; };
		8A6B30EB2A61D768005995A6 /* Assets.xcassets in Resources */ = {isa = PBXBuildFile; fileRef = 8A6B30EA2A61D768005995A6 /* Assets.xcassets */; };
		8A6B30EE2A61D768005995A6 /* Preview Assets.xcassets in Resources */ = {isa = PBXBuildFile; fileRef = 8A6B30ED2A61D768005995A6 /* Preview Assets.xcassets */; };
		8A6B30F02A61D768005995A6 /* LinkItem.swift in Sources */ = {isa = PBXBuildFile; fileRef = 8A6B30EF2A61D768005995A6 /* LinkItem.swift */; };
		8A6B30FB2A61D83B005995A6 /* EventMonitor.swift in Sources */ = {isa = PBXBuildFile; fileRef = 8A6B30FA2A61D83B005995A6 /* EventMonitor.swift */; };
		8A7AEC702B70DC6100318AFD /* PdfDeepLinkView.swift in Sources */ = {isa = PBXBuildFile; fileRef = 8A7AEC6F2B70DC6100318AFD /* PdfDeepLinkView.swift */; };
		8A7AEC722B70EDE800318AFD /* CreateHighlightedImage.swift in Sources */ = {isa = PBXBuildFile; fileRef = 8A7AEC712B70EDE800318AFD /* CreateHighlightedImage.swift */; };
		8A7AEC752B70EE1400318AFD /* Extractor.swift in Sources */ = {isa = PBXBuildFile; fileRef = 8A7AEC742B70EE1400318AFD /* Extractor.swift */; };
		8A7AEC772B70EE1D00318AFD /* PDFSearch.swift in Sources */ = {isa = PBXBuildFile; fileRef = 8A7AEC762B70EE1D00318AFD /* PDFSearch.swift */; };
		8A7AEC792B70EE2D00318AFD /* Tokenizer.swift in Sources */ = {isa = PBXBuildFile; fileRef = 8A7AEC782B70EE2C00318AFD /* Tokenizer.swift */; };
		8A87F6F62ABC802A004305F6 /* CollectItemContentView.swift in Sources */ = {isa = PBXBuildFile; fileRef = 8A87F6F52ABC802A004305F6 /* CollectItemContentView.swift */; };
		8A87F6F82ABC8711004305F6 /* ScreenRecorder.swift in Sources */ = {isa = PBXBuildFile; fileRef = 8A87F6F72ABC8711004305F6 /* ScreenRecorder.swift */; };
		8A87F6FA2ABC8A0F004305F6 /* RecordingToolBarView.swift in Sources */ = {isa = PBXBuildFile; fileRef = 8A87F6F92ABC8A0F004305F6 /* RecordingToolBarView.swift */; };
		8AD7AB9C2A8B898A009D5962 /* NSPoint.swift in Sources */ = {isa = PBXBuildFile; fileRef = 8AD7AB9B2A8B898A009D5962 /* NSPoint.swift */; };
		8AFD4D372BA071B1001F98F5 /* PerspectiveView.swift in Sources */ = {isa = PBXBuildFile; fileRef = 8AFD4D362BA071B1001F98F5 /* PerspectiveView.swift */; };
/* End PBXBuildFile section */

/* Begin PBXFileReference section */
		8A0238A62AD002CF006C8316 /* LinkItemContentView.swift */ = {isa = PBXFileReference; lastKnownFileType = sourcecode.swift; path = LinkItemContentView.swift; sourceTree = "<group>"; };
		8A0238B42AD01813006C8316 /* ListItem.swift */ = {isa = PBXFileReference; lastKnownFileType = sourcecode.swift; path = ListItem.swift; sourceTree = "<group>"; };
		8A0FFB822A8F7E980061F481 /* CollectAreaView.swift */ = {isa = PBXFileReference; lastKnownFileType = sourcecode.swift; path = CollectAreaView.swift; sourceTree = "<group>"; };
		8A0FFB842A8F80730061F481 /* FloatingPanel.swift */ = {isa = PBXFileReference; lastKnownFileType = sourcecode.swift; path = FloatingPanel.swift; sourceTree = "<group>"; };
		8A0FFB862A8F84F70061F481 /* DebugGridView.swift */ = {isa = PBXFileReference; lastKnownFileType = sourcecode.swift; path = DebugGridView.swift; sourceTree = "<group>"; };
		8A140AAE2B57EDE10003B08A /* CGSize.swift */ = {isa = PBXFileReference; lastKnownFileType = sourcecode.swift; path = CGSize.swift; sourceTree = "<group>"; };
		8A140AB12B57FA580003B08A /* Constants.swift */ = {isa = PBXFileReference; fileEncoding = 4; lastKnownFileType = sourcecode.swift; path = Constants.swift; sourceTree = "<group>"; };
		8A140AB22B57FA580003B08A /* Observer.swift */ = {isa = PBXFileReference; fileEncoding = 4; lastKnownFileType = sourcecode.swift; path = Observer.swift; sourceTree = "<group>"; };
		8A140AB32B57FA580003B08A /* SystemWideElement.swift */ = {isa = PBXFileReference; fileEncoding = 4; lastKnownFileType = sourcecode.swift; path = SystemWideElement.swift; sourceTree = "<group>"; };
		8A140AB42B57FA580003B08A /* UIElement.swift */ = {isa = PBXFileReference; fileEncoding = 4; lastKnownFileType = sourcecode.swift; path = UIElement.swift; sourceTree = "<group>"; };
		8A140AB52B57FA580003B08A /* AXSwift.h */ = {isa = PBXFileReference; fileEncoding = 4; lastKnownFileType = sourcecode.c.h; path = AXSwift.h; sourceTree = "<group>"; };
		8A140AB62B57FA580003B08A /* Application.swift */ = {isa = PBXFileReference; fileEncoding = 4; lastKnownFileType = sourcecode.swift; path = Application.swift; sourceTree = "<group>"; };
		8A140AB72B57FA580003B08A /* AXSwift.swift */ = {isa = PBXFileReference; fileEncoding = 4; lastKnownFileType = sourcecode.swift; path = AXSwift.swift; sourceTree = "<group>"; };
		8A140AB82B57FA580003B08A /* Error.swift */ = {isa = PBXFileReference; fileEncoding = 4; lastKnownFileType = sourcecode.swift; path = Error.swift; sourceTree = "<group>"; };
		8A1F994C2B582CAA000D8258 /* DetailItemView.swift */ = {isa = PBXFileReference; lastKnownFileType = sourcecode.swift; path = DetailItemView.swift; sourceTree = "<group>"; };
		8A1F994E2B582D19000D8258 /* HierarchyRectView.swift */ = {isa = PBXFileReference; lastKnownFileType = sourcecode.swift; path = HierarchyRectView.swift; sourceTree = "<group>"; };
		8A1F99502B582D29000D8258 /* ChildElementRectView.swift */ = {isa = PBXFileReference; lastKnownFileType = sourcecode.swift; path = ChildElementRectView.swift; sourceTree = "<group>"; };
		8A1F99522B582D3E000D8258 /* ElementRectView.swift */ = {isa = PBXFileReference; lastKnownFileType = sourcecode.swift; path = ElementRectView.swift; sourceTree = "<group>"; };
		8A216C0F2B7513780021E1AF /* AXPath.swift */ = {isa = PBXFileReference; lastKnownFileType = sourcecode.swift; path = AXPath.swift; sourceTree = "<group>"; };
		8A24474F2A8CC50D009CFED1 /* usemulti_inspo.jpeg */ = {isa = PBXFileReference; lastKnownFileType = image.jpeg; path = usemulti_inspo.jpeg; sourceTree = "<group>"; };
		8A2C38072ADE868C002B8A20 /* CollectItem.swift */ = {isa = PBXFileReference; lastKnownFileType = sourcecode.swift; path = CollectItem.swift; sourceTree = "<group>"; };
		8A2C380A2ADE874D002B8A20 /* PositionOffset.swift */ = {isa = PBXFileReference; lastKnownFileType = sourcecode.swift; path = PositionOffset.swift; sourceTree = "<group>"; };
		8A2C380D2ADE877A002B8A20 /* CGRect.swift */ = {isa = PBXFileReference; lastKnownFileType = sourcecode.swift; path = CGRect.swift; sourceTree = "<group>"; };
		8A2C380F2ADE87BB002B8A20 /* RecordingPanelView.swift */ = {isa = PBXFileReference; lastKnownFileType = sourcecode.swift; path = RecordingPanelView.swift; sourceTree = "<group>"; };
		8A2C38112ADE87CE002B8A20 /* DragGestureAreaRecorderView.swift */ = {isa = PBXFileReference; lastKnownFileType = sourcecode.swift; path = DragGestureAreaRecorderView.swift; sourceTree = "<group>"; };
		8A2C38142ADE945C002B8A20 /* Throttler.swift */ = {isa = PBXFileReference; fileEncoding = 4; lastKnownFileType = sourcecode.swift; path = Throttler.swift; sourceTree = "<group>"; };
		8A47C3F72A8FA70D0015F8BC /* DebugFullWindowView.swift */ = {isa = PBXFileReference; lastKnownFileType = sourcecode.swift; path = DebugFullWindowView.swift; sourceTree = "<group>"; };
		8A6B30E32A61D765005995A6 /* Collect.app */ = {isa = PBXFileReference; explicitFileType = wrapper.application; includeInIndex = 0; path = Collect.app; sourceTree = BUILT_PRODUCTS_DIR; };
		8A6B30E62A61D765005995A6 /* CollectApp.swift */ = {isa = PBXFileReference; lastKnownFileType = sourcecode.swift; path = CollectApp.swift; sourceTree = "<group>"; };
		8A6B30E82A61D765005995A6 /* RecordingContentView.swift */ = {isa = PBXFileReference; lastKnownFileType = sourcecode.swift; path = RecordingContentView.swift; sourceTree = "<group>"; };
		8A6B30EA2A61D768005995A6 /* Assets.xcassets */ = {isa = PBXFileReference; lastKnownFileType = folder.assetcatalog; path = Assets.xcassets; sourceTree = "<group>"; };
		8A6B30ED2A61D768005995A6 /* Preview Assets.xcassets */ = {isa = PBXFileReference; lastKnownFileType = folder.assetcatalog; path = "Preview Assets.xcassets"; sourceTree = "<group>"; };
		8A6B30EF2A61D768005995A6 /* LinkItem.swift */ = {isa = PBXFileReference; lastKnownFileType = sourcecode.swift; path = LinkItem.swift; sourceTree = "<group>"; };
		8A6B30F12A61D768005995A6 /* Collect.entitlements */ = {isa = PBXFileReference; lastKnownFileType = text.plist.entitlements; path = Collect.entitlements; sourceTree = "<group>"; };
		8A6B30FA2A61D83B005995A6 /* EventMonitor.swift */ = {isa = PBXFileReference; fileEncoding = 4; lastKnownFileType = sourcecode.swift; path = EventMonitor.swift; sourceTree = "<group>"; };
		8A7AEC6F2B70DC6100318AFD /* PdfDeepLinkView.swift */ = {isa = PBXFileReference; lastKnownFileType = sourcecode.swift; path = PdfDeepLinkView.swift; sourceTree = "<group>"; };
		8A7AEC712B70EDE800318AFD /* CreateHighlightedImage.swift */ = {isa = PBXFileReference; fileEncoding = 4; lastKnownFileType = sourcecode.swift; path = CreateHighlightedImage.swift; sourceTree = "<group>"; };
		8A7AEC742B70EE1400318AFD /* Extractor.swift */ = {isa = PBXFileReference; fileEncoding = 4; lastKnownFileType = sourcecode.swift; path = Extractor.swift; sourceTree = "<group>"; };
		8A7AEC762B70EE1D00318AFD /* PDFSearch.swift */ = {isa = PBXFileReference; fileEncoding = 4; lastKnownFileType = sourcecode.swift; path = PDFSearch.swift; sourceTree = "<group>"; };
		8A7AEC782B70EE2C00318AFD /* Tokenizer.swift */ = {isa = PBXFileReference; fileEncoding = 4; lastKnownFileType = sourcecode.swift; path = Tokenizer.swift; sourceTree = "<group>"; };
		8A87F6F52ABC802A004305F6 /* CollectItemContentView.swift */ = {isa = PBXFileReference; fileEncoding = 4; lastKnownFileType = sourcecode.swift; path = CollectItemContentView.swift; sourceTree = "<group>"; };
		8A87F6F72ABC8711004305F6 /* ScreenRecorder.swift */ = {isa = PBXFileReference; fileEncoding = 4; lastKnownFileType = sourcecode.swift; path = ScreenRecorder.swift; sourceTree = "<group>"; };
		8A87F6F92ABC8A0F004305F6 /* RecordingToolBarView.swift */ = {isa = PBXFileReference; fileEncoding = 4; lastKnownFileType = sourcecode.swift; path = RecordingToolBarView.swift; sourceTree = "<group>"; };
		8AD7AB9B2A8B898A009D5962 /* NSPoint.swift */ = {isa = PBXFileReference; lastKnownFileType = sourcecode.swift; path = NSPoint.swift; sourceTree = "<group>"; };
		8AFD4D362BA071B1001F98F5 /* PerspectiveView.swift */ = {isa = PBXFileReference; lastKnownFileType = sourcecode.swift; path = PerspectiveView.swift; sourceTree = "<group>"; };
/* End PBXFileReference section */

/* Begin PBXFrameworksBuildPhase section */
		8A6B30E02A61D765005995A6 /* Frameworks */ = {
			isa = PBXFrameworksBuildPhase;
			buildActionMask = 2147483647;
			files = (
			);
			runOnlyForDeploymentPostprocessing = 0;
		};
/* End PBXFrameworksBuildPhase section */

/* Begin PBXGroup section */
		8A140AB02B57FA4E0003B08A /* AXSwift */ = {
			isa = PBXGroup;
			children = (
				8A140AB62B57FA580003B08A /* Application.swift */,
				8A140AB52B57FA580003B08A /* AXSwift.h */,
				8A140AB72B57FA580003B08A /* AXSwift.swift */,
				8A140AB12B57FA580003B08A /* Constants.swift */,
				8A140AB82B57FA580003B08A /* Error.swift */,
				8A140AB22B57FA580003B08A /* Observer.swift */,
				8A140AB32B57FA580003B08A /* SystemWideElement.swift */,
				8A140AB42B57FA580003B08A /* UIElement.swift */,
				8A216C0F2B7513780021E1AF /* AXPath.swift */,
			);
			path = AXSwift;
			sourceTree = "<group>";
		};
		8A2C38092ADE8691002B8A20 /* SwiftData */ = {
			isa = PBXGroup;
			children = (
				8A2C38072ADE868C002B8A20 /* CollectItem.swift */,
				8A6B30EF2A61D768005995A6 /* LinkItem.swift */,
			);
			path = SwiftData;
			sourceTree = "<group>";
		};
		8A2C38132ADE88A9002B8A20 /* ContentViews */ = {
			isa = PBXGroup;
			children = (
				8A0238A62AD002CF006C8316 /* LinkItemContentView.swift */,
				8A6B30E82A61D765005995A6 /* RecordingContentView.swift */,
				8A87F6F52ABC802A004305F6 /* CollectItemContentView.swift */,
			);
			path = ContentViews;
			sourceTree = "<group>";
		};
		8A6B30DA2A61D765005995A6 = {
			isa = PBXGroup;
			children = (
				8A6B30E52A61D765005995A6 /* Collect */,
				8A6B30E42A61D765005995A6 /* Products */,
			);
			sourceTree = "<group>";
		};
		8A6B30E42A61D765005995A6 /* Products */ = {
			isa = PBXGroup;
			children = (
				8A6B30E32A61D765005995A6 /* Collect.app */,
			);
			name = Products;
			sourceTree = "<group>";
		};
		8A6B30E52A61D765005995A6 /* Collect */ = {
			isa = PBXGroup;
			children = (
				8A7AEC732B70EDF900318AFD /* PDF */,
				8A140AB02B57FA4E0003B08A /* AXSwift */,
				8A2C38132ADE88A9002B8A20 /* ContentViews */,
				8AD7AB9D2A8B899A009D5962 /* Components */,
				8A6B30F72A61D771005995A6 /* Extensions */,
				8A6B30E62A61D765005995A6 /* CollectApp.swift */,
				8A6B30EA2A61D768005995A6 /* Assets.xcassets */,
				8A2C38092ADE8691002B8A20 /* SwiftData */,
				8A6B30F12A61D768005995A6 /* Collect.entitlements */,
				8A24474F2A8CC50D009CFED1 /* usemulti_inspo.jpeg */,
				8A6B30EC2A61D768005995A6 /* Preview Content */,
			);
			path = Collect;
			sourceTree = "<group>";
		};
		8A6B30EC2A61D768005995A6 /* Preview Content */ = {
			isa = PBXGroup;
			children = (
				8A6B30ED2A61D768005995A6 /* Preview Assets.xcassets */,
			);
			path = "Preview Content";
			sourceTree = "<group>";
		};
		8A6B30F72A61D771005995A6 /* Extensions */ = {
			isa = PBXGroup;
			children = (
				8A2C380D2ADE877A002B8A20 /* CGRect.swift */,
				8A6B30FA2A61D83B005995A6 /* EventMonitor.swift */,
				8AD7AB9B2A8B898A009D5962 /* NSPoint.swift */,
				8A87F6F72ABC8711004305F6 /* ScreenRecorder.swift */,
				8A140AAE2B57EDE10003B08A /* CGSize.swift */,
			);
			path = Extensions;
			sourceTree = "<group>";
		};
		8A7AEC732B70EDF900318AFD /* PDF */ = {
			isa = PBXGroup;
			children = (
				8A7AEC742B70EE1400318AFD /* Extractor.swift */,
				8A7AEC782B70EE2C00318AFD /* Tokenizer.swift */,
				8A7AEC762B70EE1D00318AFD /* PDFSearch.swift */,
				8A7AEC712B70EDE800318AFD /* CreateHighlightedImage.swift */,
			);
			path = PDF;
			sourceTree = "<group>";
		};
		8AD7AB9D2A8B899A009D5962 /* Components */ = {
			isa = PBXGroup;
			children = (
				8A2C38142ADE945C002B8A20 /* Throttler.swift */,
				8A0FFB822A8F7E980061F481 /* CollectAreaView.swift */,
				8A1F99522B582D3E000D8258 /* ElementRectView.swift */,
				8A47C3F72A8FA70D0015F8BC /* DebugFullWindowView.swift */,
				8A0FFB862A8F84F70061F481 /* DebugGridView.swift */,
				8A2C38112ADE87CE002B8A20 /* DragGestureAreaRecorderView.swift */,
				8A0FFB842A8F80730061F481 /* FloatingPanel.swift */,
				8A0238B42AD01813006C8316 /* ListItem.swift */,
				8A2C380A2ADE874D002B8A20 /* PositionOffset.swift */,
				8A2C380F2ADE87BB002B8A20 /* RecordingPanelView.swift */,
				8A87F6F92ABC8A0F004305F6 /* RecordingToolBarView.swift */,
				8A1F994C2B582CAA000D8258 /* DetailItemView.swift */,
				8A1F994E2B582D19000D8258 /* HierarchyRectView.swift */,
				8A1F99502B582D29000D8258 /* ChildElementRectView.swift */,
				8A7AEC6F2B70DC6100318AFD /* PdfDeepLinkView.swift */,
				8AFD4D362BA071B1001F98F5 /* PerspectiveView.swift */,
			);
			path = Components;
			sourceTree = "<group>";
		};
/* End PBXGroup section */

/* Begin PBXNativeTarget section */
		8A6B30E22A61D765005995A6 /* Collect */ = {
			isa = PBXNativeTarget;
			buildConfigurationList = 8A6B30F42A61D768005995A6 /* Build configuration list for PBXNativeTarget "Collect" */;
			buildPhases = (
				8A6B30DF2A61D765005995A6 /* Sources */,
				8A6B30E02A61D765005995A6 /* Frameworks */,
				8A6B30E12A61D765005995A6 /* Resources */,
			);
			buildRules = (
			);
			dependencies = (
			);
			name = Collect;
			packageProductDependencies = (
			);
			productName = Collect;
			productReference = 8A6B30E32A61D765005995A6 /* Collect.app */;
			productType = "com.apple.product-type.application";
		};
/* End PBXNativeTarget section */

/* Begin PBXProject section */
		8A6B30DB2A61D765005995A6 /* Project object */ = {
			isa = PBXProject;
			attributes = {
				BuildIndependentTargetsInParallel = 1;
				LastSwiftUpdateCheck = 1500;
				LastUpgradeCheck = 1520;
				TargetAttributes = {
					8A6B30E22A61D765005995A6 = {
						CreatedOnToolsVersion = 15.0;
						LastSwiftMigration = 1600;
					};
				};
			};
			buildConfigurationList = 8A6B30DE2A61D765005995A6 /* Build configuration list for PBXProject "Collect" */;
			compatibilityVersion = "Xcode 14.0";
			developmentRegion = en;
			hasScannedForEncodings = 0;
			knownRegions = (
				en,
				Base,
			);
			mainGroup = 8A6B30DA2A61D765005995A6;
			packageReferences = (
			);
			productRefGroup = 8A6B30E42A61D765005995A6 /* Products */;
			projectDirPath = "";
			projectRoot = "";
			targets = (
				8A6B30E22A61D765005995A6 /* Collect */,
			);
		};
/* End PBXProject section */

/* Begin PBXResourcesBuildPhase section */
		8A6B30E12A61D765005995A6 /* Resources */ = {
			isa = PBXResourcesBuildPhase;
			buildActionMask = 2147483647;
			files = (
				8A6B30EE2A61D768005995A6 /* Preview Assets.xcassets in Resources */,
				8A6B30EB2A61D768005995A6 /* Assets.xcassets in Resources */,
			);
			runOnlyForDeploymentPostprocessing = 0;
		};
/* End PBXResourcesBuildPhase section */

/* Begin PBXSourcesBuildPhase section */
		8A6B30DF2A61D765005995A6 /* Sources */ = {
			isa = PBXSourcesBuildPhase;
			buildActionMask = 2147483647;
			files = (
				8A140AAF2B57EDE10003B08A /* CGSize.swift in Sources */,
				8A140ABA2B57FA580003B08A /* Observer.swift in Sources */,
				8A140ABE2B57FA580003B08A /* AXSwift.swift in Sources */,
				8A1F99532B582D3E000D8258 /* ElementRectView.swift in Sources */,
				8A7AEC772B70EE1D00318AFD /* PDFSearch.swift in Sources */,
				8A0238B52AD01813006C8316 /* ListItem.swift in Sources */,
				8A1F99512B582D29000D8258 /* ChildElementRectView.swift in Sources */,
				8A2C38082ADE868C002B8A20 /* CollectItem.swift in Sources */,
				8A7AEC752B70EE1400318AFD /* Extractor.swift in Sources */,
				8A2C38152ADE945C002B8A20 /* Throttler.swift in Sources */,
				8A0FFB832A8F7E980061F481 /* CollectAreaView.swift in Sources */,
				8A0FFB872A8F84F70061F481 /* DebugGridView.swift in Sources */,
				8A140AB92B57FA580003B08A /* Constants.swift in Sources */,
				8A0238A72AD002CF006C8316 /* LinkItemContentView.swift in Sources */,
				8A140ABD2B57FA580003B08A /* Application.swift in Sources */,
				8A7AEC722B70EDE800318AFD /* CreateHighlightedImage.swift in Sources */,
				8A87F6FA2ABC8A0F004305F6 /* RecordingToolBarView.swift in Sources */,
				8A87F6F82ABC8711004305F6 /* ScreenRecorder.swift in Sources */,
				8A2C380E2ADE877A002B8A20 /* CGRect.swift in Sources */,
				8A2C38102ADE87BB002B8A20 /* RecordingPanelView.swift in Sources */,
				8A2C38122ADE87CE002B8A20 /* DragGestureAreaRecorderView.swift in Sources */,
				8A7AEC792B70EE2D00318AFD /* Tokenizer.swift in Sources */,
				8A140ABB2B57FA580003B08A /* SystemWideElement.swift in Sources */,
				8A6B30E92A61D765005995A6 /* RecordingContentView.swift in Sources */,
				8A7AEC702B70DC6100318AFD /* PdfDeepLinkView.swift in Sources */,
				8A6B30FB2A61D83B005995A6 /* EventMonitor.swift in Sources */,
				8AD7AB9C2A8B898A009D5962 /* NSPoint.swift in Sources */,
				8A1F994D2B582CAA000D8258 /* DetailItemView.swift in Sources */,
				8A140ABF2B57FA580003B08A /* Error.swift in Sources */,
				8A0FFB852A8F80730061F481 /* FloatingPanel.swift in Sources */,
				8A47C3F82A8FA70D0015F8BC /* DebugFullWindowView.swift in Sources */,
				8A1F994F2B582D19000D8258 /* HierarchyRectView.swift in Sources */,
				8A6B30F02A61D768005995A6 /* LinkItem.swift in Sources */,
				8A87F6F62ABC802A004305F6 /* CollectItemContentView.swift in Sources */,
				8A2C380B2ADE874D002B8A20 /* PositionOffset.swift in Sources */,
				8A216C102B7513780021E1AF /* AXPath.swift in Sources */,
				8A140ABC2B57FA580003B08A /* UIElement.swift in Sources */,
				8A6B30E72A61D765005995A6 /* CollectApp.swift in Sources */,
				8AFD4D372BA071B1001F98F5 /* PerspectiveView.swift in Sources */,
			);
			runOnlyForDeploymentPostprocessing = 0;
		};
/* End PBXSourcesBuildPhase section */

/* Begin XCBuildConfiguration section */
		8A6B30F22A61D768005995A6 /* Debug */ = {
			isa = XCBuildConfiguration;
			buildSettings = {
				ALWAYS_SEARCH_USER_PATHS = NO;
				ASSETCATALOG_COMPILER_GENERATE_SWIFT_ASSET_SYMBOL_EXTENSIONS = YES;
				CLANG_ANALYZER_NONNULL = YES;
				CLANG_ANALYZER_NUMBER_OBJECT_CONVERSION = YES_AGGRESSIVE;
				CLANG_CXX_LANGUAGE_STANDARD = "gnu++20";
				CLANG_ENABLE_MODULES = YES;
				CLANG_ENABLE_OBJC_ARC = YES;
				CLANG_ENABLE_OBJC_WEAK = YES;
				CLANG_WARN_BLOCK_CAPTURE_AUTORELEASING = YES;
				CLANG_WARN_BOOL_CONVERSION = YES;
				CLANG_WARN_COMMA = YES;
				CLANG_WARN_CONSTANT_CONVERSION = YES;
				CLANG_WARN_DEPRECATED_OBJC_IMPLEMENTATIONS = YES;
				CLANG_WARN_DIRECT_OBJC_ISA_USAGE = YES_ERROR;
				CLANG_WARN_DOCUMENTATION_COMMENTS = YES;
				CLANG_WARN_EMPTY_BODY = YES;
				CLANG_WARN_ENUM_CONVERSION = YES;
				CLANG_WARN_INFINITE_RECURSION = YES;
				CLANG_WARN_INT_CONVERSION = YES;
				CLANG_WARN_NON_LITERAL_NULL_CONVERSION = YES;
				CLANG_WARN_OBJC_IMPLICIT_RETAIN_SELF = YES;
				CLANG_WARN_OBJC_LITERAL_CONVERSION = YES;
				CLANG_WARN_OBJC_ROOT_CLASS = YES_ERROR;
				CLANG_WARN_QUOTED_INCLUDE_IN_FRAMEWORK_HEADER = YES;
				CLANG_WARN_RANGE_LOOP_ANALYSIS = YES;
				CLANG_WARN_STRICT_PROTOTYPES = YES;
				CLANG_WARN_SUSPICIOUS_MOVE = YES;
				CLANG_WARN_UNGUARDED_AVAILABILITY = YES_AGGRESSIVE;
				CLANG_WARN_UNREACHABLE_CODE = YES;
				CLANG_WARN__DUPLICATE_METHOD_MATCH = YES;
				COPY_PHASE_STRIP = NO;
				DEAD_CODE_STRIPPING = YES;
				DEBUG_INFORMATION_FORMAT = dwarf;
				ENABLE_STRICT_OBJC_MSGSEND = YES;
				ENABLE_TESTABILITY = YES;
				ENABLE_USER_SCRIPT_SANDBOXING = YES;
				GCC_C_LANGUAGE_STANDARD = gnu17;
				GCC_DYNAMIC_NO_PIC = NO;
				GCC_NO_COMMON_BLOCKS = YES;
				GCC_OPTIMIZATION_LEVEL = 0;
				GCC_PREPROCESSOR_DEFINITIONS = (
					"DEBUG=1",
					"$(inherited)",
				);
				GCC_WARN_64_TO_32_BIT_CONVERSION = YES;
				GCC_WARN_ABOUT_RETURN_TYPE = YES_ERROR;
				GCC_WARN_UNDECLARED_SELECTOR = YES;
				GCC_WARN_UNINITIALIZED_AUTOS = YES_AGGRESSIVE;
				GCC_WARN_UNUSED_FUNCTION = YES;
				GCC_WARN_UNUSED_VARIABLE = YES;
				LOCALIZATION_PREFERS_STRING_CATALOGS = YES;
				MACOSX_DEPLOYMENT_TARGET = 14.0;
				MTL_ENABLE_DEBUG_INFO = INCLUDE_SOURCE;
				MTL_FAST_MATH = YES;
				ONLY_ACTIVE_ARCH = YES;
				SDKROOT = macosx;
				SWIFT_ACTIVE_COMPILATION_CONDITIONS = "DEBUG $(inherited)";
				SWIFT_OPTIMIZATION_LEVEL = "-Onone";
			};
			name = Debug;
		};
		8A6B30F32A61D768005995A6 /* Release */ = {
			isa = XCBuildConfiguration;
			buildSettings = {
				ALWAYS_SEARCH_USER_PATHS = NO;
				ASSETCATALOG_COMPILER_GENERATE_SWIFT_ASSET_SYMBOL_EXTENSIONS = YES;
				CLANG_ANALYZER_NONNULL = YES;
				CLANG_ANALYZER_NUMBER_OBJECT_CONVERSION = YES_AGGRESSIVE;
				CLANG_CXX_LANGUAGE_STANDARD = "gnu++20";
				CLANG_ENABLE_MODULES = YES;
				CLANG_ENABLE_OBJC_ARC = YES;
				CLANG_ENABLE_OBJC_WEAK = YES;
				CLANG_WARN_BLOCK_CAPTURE_AUTORELEASING = YES;
				CLANG_WARN_BOOL_CONVERSION = YES;
				CLANG_WARN_COMMA = YES;
				CLANG_WARN_CONSTANT_CONVERSION = YES;
				CLANG_WARN_DEPRECATED_OBJC_IMPLEMENTATIONS = YES;
				CLANG_WARN_DIRECT_OBJC_ISA_USAGE = YES_ERROR;
				CLANG_WARN_DOCUMENTATION_COMMENTS = YES;
				CLANG_WARN_EMPTY_BODY = YES;
				CLANG_WARN_ENUM_CONVERSION = YES;
				CLANG_WARN_INFINITE_RECURSION = YES;
				CLANG_WARN_INT_CONVERSION = YES;
				CLANG_WARN_NON_LITERAL_NULL_CONVERSION = YES;
				CLANG_WARN_OBJC_IMPLICIT_RETAIN_SELF = YES;
				CLANG_WARN_OBJC_LITERAL_CONVERSION = YES;
				CLANG_WARN_OBJC_ROOT_CLASS = YES_ERROR;
				CLANG_WARN_QUOTED_INCLUDE_IN_FRAMEWORK_HEADER = YES;
				CLANG_WARN_RANGE_LOOP_ANALYSIS = YES;
				CLANG_WARN_STRICT_PROTOTYPES = YES;
				CLANG_WARN_SUSPICIOUS_MOVE = YES;
				CLANG_WARN_UNGUARDED_AVAILABILITY = YES_AGGRESSIVE;
				CLANG_WARN_UNREACHABLE_CODE = YES;
				CLANG_WARN__DUPLICATE_METHOD_MATCH = YES;
				COPY_PHASE_STRIP = NO;
				DEAD_CODE_STRIPPING = YES;
				DEBUG_INFORMATION_FORMAT = "dwarf-with-dsym";
				ENABLE_NS_ASSERTIONS = NO;
				ENABLE_STRICT_OBJC_MSGSEND = YES;
				ENABLE_USER_SCRIPT_SANDBOXING = YES;
				GCC_C_LANGUAGE_STANDARD = gnu17;
				GCC_NO_COMMON_BLOCKS = YES;
				GCC_WARN_64_TO_32_BIT_CONVERSION = YES;
				GCC_WARN_ABOUT_RETURN_TYPE = YES_ERROR;
				GCC_WARN_UNDECLARED_SELECTOR = YES;
				GCC_WARN_UNINITIALIZED_AUTOS = YES_AGGRESSIVE;
				GCC_WARN_UNUSED_FUNCTION = YES;
				GCC_WARN_UNUSED_VARIABLE = YES;
				LOCALIZATION_PREFERS_STRING_CATALOGS = YES;
				MACOSX_DEPLOYMENT_TARGET = 14.0;
				MTL_ENABLE_DEBUG_INFO = NO;
				MTL_FAST_MATH = YES;
				SDKROOT = macosx;
				SWIFT_COMPILATION_MODE = wholemodule;
			};
			name = Release;
		};
		8A6B30F52A61D768005995A6 /* Debug */ = {
			isa = XCBuildConfiguration;
			buildSettings = {
				ASSETCATALOG_COMPILER_APPICON_NAME = AppIcon;
				ASSETCATALOG_COMPILER_GLOBAL_ACCENT_COLOR_NAME = AccentColor;
				CLANG_ENABLE_MODULES = YES;
				CODE_SIGN_ENTITLEMENTS = Collect/Collect.entitlements;
				CODE_SIGN_STYLE = Automatic;
				COMBINE_HIDPI_IMAGES = YES;
				CURRENT_PROJECT_VERSION = 1;
				DEAD_CODE_STRIPPING = YES;
				DEVELOPMENT_ASSET_PATHS = "\"Collect/Preview Content\"";
				DEVELOPMENT_TEAM = RT5BSWJB4U;
				ENABLE_HARDENED_RUNTIME = YES;
				ENABLE_PREVIEWS = YES;
				GENERATE_INFOPLIST_FILE = YES;
				INFOPLIST_KEY_LSApplicationCategoryType = "public.app-category.graphics-design";
				INFOPLIST_KEY_NSHumanReadableCopyright = "";
				LD_RUNPATH_SEARCH_PATHS = (
					"$(inherited)",
					"@executable_path/../Frameworks",
				);
				MARKETING_VERSION = 1.0;
				PRODUCT_BUNDLE_IDENTIFIER = com.stefkors.Collect;
				PRODUCT_NAME = "$(TARGET_NAME)";
				SWIFT_EMIT_LOC_STRINGS = YES;
				SWIFT_OPTIMIZATION_LEVEL = "-Onone";
				SWIFT_VERSION = 5.0;
			};
			name = Debug;
		};
		8A6B30F62A61D768005995A6 /* Release */ = {
			isa = XCBuildConfiguration;
			buildSettings = {
				ASSETCATALOG_COMPILER_APPICON_NAME = AppIcon;
				ASSETCATALOG_COMPILER_GLOBAL_ACCENT_COLOR_NAME = AccentColor;
				CLANG_ENABLE_MODULES = YES;
				CODE_SIGN_ENTITLEMENTS = Collect/Collect.entitlements;
				CODE_SIGN_STYLE = Automatic;
				COMBINE_HIDPI_IMAGES = YES;
				CURRENT_PROJECT_VERSION = 1;
				DEAD_CODE_STRIPPING = YES;
				DEVELOPMENT_ASSET_PATHS = "\"Collect/Preview Content\"";
				DEVELOPMENT_TEAM = RT5BSWJB4U;
				ENABLE_HARDENED_RUNTIME = YES;
				ENABLE_PREVIEWS = YES;
				GENERATE_INFOPLIST_FILE = YES;
				INFOPLIST_KEY_LSApplicationCategoryType = "public.app-category.graphics-design";
				INFOPLIST_KEY_NSHumanReadableCopyright = "";
				LD_RUNPATH_SEARCH_PATHS = (
					"$(inherited)",
					"@executable_path/../Frameworks",
				);
				MARKETING_VERSION = 1.0;
				PRODUCT_BUNDLE_IDENTIFIER = com.stefkors.Collect;
				PRODUCT_NAME = "$(TARGET_NAME)";
				SWIFT_EMIT_LOC_STRINGS = YES;
				SWIFT_VERSION = 5.0;
			};
			name = Release;
		};
/* End XCBuildConfiguration section */

/* Begin XCConfigurationList section */
		8A6B30DE2A61D765005995A6 /* Build configuration list for PBXProject "Collect" */ = {
			isa = XCConfigurationList;
			buildConfigurations = (
				8A6B30F22A61D768005995A6 /* Debug */,
				8A6B30F32A61D768005995A6 /* Release */,
			);
			defaultConfigurationIsVisible = 0;
			defaultConfigurationName = Release;
		};
		8A6B30F42A61D768005995A6 /* Build configuration list for PBXNativeTarget "Collect" */ = {
			isa = XCConfigurationList;
			buildConfigurations = (
				8A6B30F52A61D768005995A6 /* Debug */,
				8A6B30F62A61D768005995A6 /* Release */,
			);
			defaultConfigurationIsVisible = 0;
			defaultConfigurationName = Release;
		};
/* End XCConfigurationList section */
	};
	rootObject = 8A6B30DB2A61D765005995A6 /* Project object */;
}
